
Microsoft Visual Studio Solution File, Format Version 12.00
# Visual Studio Version 17
VisualStudioVersion = 17.2.32630.192
MinimumVisualStudioVersion = 10.0.40219.1
Project("{2150E333-8FDC-42A3-9474-1A3956D46DE8}") = "NET5", "NET5", "{8201E5F8-899E-411E-9ACC-155ACA635A33}"
EndProject
Project("{9A19103F-16F7-4668-BE54-9A1E7A4F7556}") = "Mongo", "Net5\Mongo\Mongo.csproj", "{A4661012-9561-4C87-826E-C72911323691}"
EndProject
Global
	GlobalSection(SolutionConfigurationPlatforms) = preSolution
		Debug|Any CPU = Debug|Any CPU
		Release|Any CPU = Release|Any CPU
	EndGlobalSection
	GlobalSection(ProjectConfigurationPlatforms) = postSolution
		{A4661012-9561-4C87-826E-C72911323691}.Debug|Any CPU.ActiveCfg = Debug|Any CPU
		{A4661012-9561-4C87-826E-C72911323691}.Debug|Any CPU.Build.0 = Debug|Any CPU
		{A4661012-9561-4C87-826E-C72911323691}.Release|Any CPU.ActiveCfg = Release|Any CPU
		{A4661012-9561-4C87-826E-C72911323691}.Release|Any CPU.Build.0 = Release|Any CPU
	EndGlobalSection
	GlobalSection(SolutionProperties) = preSolution
		HideSolutionNode = FALSE
	EndGlobalSection
	GlobalSection(NestedProjects) = preSolution
		{A4661012-9561-4C87-826E-C72911323691} = {8201E5F8-899E-411E-9ACC-155ACA635A33}
	EndGlobalSection
	GlobalSection(ExtensibilityGlobals) = postSolution
		SolutionGuid = {9036069B-546F-45B5-A588-898ADD57797D}
	EndGlobalSection
EndGlobal
